
Microsoft Visual Studio Solution File, Format Version 12.00
# Visual Studio Version 17
VisualStudioVersion = 17.14.36414.22 d17.14
MinimumVisualStudioVersion = 10.0.40219.1
Project("{FAE04EC0-301F-11D3-BF4B-00C04F79EFBC}") = "Proyecto Final Bioinformática", "Proyecto Final Bioinformática\Proyecto Final Bioinformática.csproj", "{BF376CFA-8741-435A-B1FA-7E43396734E9}"
EndProject
Global
	GlobalSection(SolutionConfigurationPlatforms) = preSolution
		Debug|Any CPU = Debug|Any CPU
		Release|Any CPU = Release|Any CPU
	EndGlobalSection
	GlobalSection(ProjectConfigurationPlatforms) = postSolution
		{BF376CFA-8741-435A-B1FA-7E43396734E9}.Debug|Any CPU.ActiveCfg = Debug|Any CPU
		{BF376CFA-8741-435A-B1FA-7E43396734E9}.Debug|Any CPU.Build.0 = Debug|Any CPU
		{BF376CFA-8741-435A-B1FA-7E43396734E9}.Release|Any CPU.ActiveCfg = Release|Any CPU
		{BF376CFA-8741-435A-B1FA-7E43396734E9}.Release|Any CPU.Build.0 = Release|Any CPU
	EndGlobalSection
	GlobalSection(SolutionProperties) = preSolution
		HideSolutionNode = FALSE
	EndGlobalSection
	GlobalSection(ExtensibilityGlobals) = postSolution
		SolutionGuid = {A7980536-D0FC-4AB4-BBC6-67F26AFA0745}
	EndGlobalSection
EndGlobal
